
Microsoft Visual Studio Solution File, Format Version 12.00
Project("{FAE04EC0-301F-11D3-BF4B-00C04F79EFBC}") = "MRP_Server", "MRP_Server\MRP_Server.csproj", "{CDDDB802-D789-4B07-A01A-094040539ACA}"
EndProject
Project("{FAE04EC0-301F-11D3-BF4B-00C04F79EFBC}") = "MRP_DatabaseModels", "MRP_DatabaseModels\MRP_DatabaseModels.csproj", "{16E13D01-A004-43E7-8AB1-46906CB9BABB}"
EndProject
Project("{FAE04EC0-301F-11D3-BF4B-00C04F79EFBC}") = "MRP_Client", "MRP_Client\MRP_Client.csproj", "{D873A0BC-B441-4C14-A55C-253D9734F98C}"
EndProject
Global
	GlobalSection(SolutionConfigurationPlatforms) = preSolution
		Debug|Any CPU = Debug|Any CPU
		Release|Any CPU = Release|Any CPU
	EndGlobalSection
	GlobalSection(ProjectConfigurationPlatforms) = postSolution
		{CDDDB802-D789-4B07-A01A-094040539ACA}.Debug|Any CPU.ActiveCfg = Debug|Any CPU
		{CDDDB802-D789-4B07-A01A-094040539ACA}.Debug|Any CPU.Build.0 = Debug|Any CPU
		{CDDDB802-D789-4B07-A01A-094040539ACA}.Release|Any CPU.ActiveCfg = Release|Any CPU
		{CDDDB802-D789-4B07-A01A-094040539ACA}.Release|Any CPU.Build.0 = Release|Any CPU
		{16E13D01-A004-43E7-8AB1-46906CB9BABB}.Debug|Any CPU.ActiveCfg = Debug|Any CPU
		{16E13D01-A004-43E7-8AB1-46906CB9BABB}.Debug|Any CPU.Build.0 = Debug|Any CPU
		{16E13D01-A004-43E7-8AB1-46906CB9BABB}.Release|Any CPU.ActiveCfg = Release|Any CPU
		{16E13D01-A004-43E7-8AB1-46906CB9BABB}.Release|Any CPU.Build.0 = Release|Any CPU
		{D873A0BC-B441-4C14-A55C-253D9734F98C}.Debug|Any CPU.ActiveCfg = Debug|Any CPU
		{D873A0BC-B441-4C14-A55C-253D9734F98C}.Debug|Any CPU.Build.0 = Debug|Any CPU
		{D873A0BC-B441-4C14-A55C-253D9734F98C}.Release|Any CPU.ActiveCfg = Release|Any CPU
		{D873A0BC-B441-4C14-A55C-253D9734F98C}.Release|Any CPU.Build.0 = Release|Any CPU
	EndGlobalSection
EndGlobal
