
Microsoft Visual Studio Solution File, Format Version 12.00
Project("{FAE04EC0-301F-11D3-BF4B-00C04F79EFBC}") = "MRP_Server", "MRP_Server\MRP_Server.csproj", "{CDDDB802-D789-4B07-A01A-094040539ACA}"
EndProject
Project("{FAE04EC0-301F-11D3-BF4B-00C04F79EFBC}") = "MRP_Database", "MRP_Database\MRP_Database.csproj", "{16E13D01-A004-43E7-8AB1-46906CB9BABB}"
EndProject
Project("{FAE04EC0-301F-11D3-BF4B-00C04F79EFBC}") = "MRP_Server.Tests", "MRP_Server.Tests\MRP_Server.Tests.csproj", "{02DDB4DB-2F1C-49A1-A4AE-8482E791D50D}"
EndProject
Project("{FAE04EC0-301F-11D3-BF4B-00C04F79EFBC}") = "MRP_Client", "MRP_Client\MRP_Client.csproj", "{2DA76C18-DA18-48D2-BD98-53DACC170AE2}"
EndProject
Global
	GlobalSection(SolutionConfigurationPlatforms) = preSolution
		Debug|Any CPU = Debug|Any CPU
		Release|Any CPU = Release|Any CPU
	EndGlobalSection
	GlobalSection(ProjectConfigurationPlatforms) = postSolution
		{CDDDB802-D789-4B07-A01A-094040539ACA}.Debug|Any CPU.ActiveCfg = Debug|Any CPU
		{CDDDB802-D789-4B07-A01A-094040539ACA}.Debug|Any CPU.Build.0 = Debug|Any CPU
		{CDDDB802-D789-4B07-A01A-094040539ACA}.Release|Any CPU.ActiveCfg = Release|Any CPU
		{CDDDB802-D789-4B07-A01A-094040539ACA}.Release|Any CPU.Build.0 = Release|Any CPU
		{16E13D01-A004-43E7-8AB1-46906CB9BABB}.Debug|Any CPU.ActiveCfg = Debug|Any CPU
		{16E13D01-A004-43E7-8AB1-46906CB9BABB}.Debug|Any CPU.Build.0 = Debug|Any CPU
		{16E13D01-A004-43E7-8AB1-46906CB9BABB}.Release|Any CPU.ActiveCfg = Release|Any CPU
		{16E13D01-A004-43E7-8AB1-46906CB9BABB}.Release|Any CPU.Build.0 = Release|Any CPU
		{02DDB4DB-2F1C-49A1-A4AE-8482E791D50D}.Debug|Any CPU.ActiveCfg = Debug|Any CPU
		{02DDB4DB-2F1C-49A1-A4AE-8482E791D50D}.Debug|Any CPU.Build.0 = Debug|Any CPU
		{02DDB4DB-2F1C-49A1-A4AE-8482E791D50D}.Release|Any CPU.ActiveCfg = Release|Any CPU
		{02DDB4DB-2F1C-49A1-A4AE-8482E791D50D}.Release|Any CPU.Build.0 = Release|Any CPU
		{2DA76C18-DA18-48D2-BD98-53DACC170AE2}.Debug|Any CPU.ActiveCfg = Debug|Any CPU
		{2DA76C18-DA18-48D2-BD98-53DACC170AE2}.Debug|Any CPU.Build.0 = Debug|Any CPU
		{2DA76C18-DA18-48D2-BD98-53DACC170AE2}.Release|Any CPU.ActiveCfg = Release|Any CPU
		{2DA76C18-DA18-48D2-BD98-53DACC170AE2}.Release|Any CPU.Build.0 = Release|Any CPU
	EndGlobalSection
EndGlobal
